// !$*UTF8*$!
{
	archiveVersion = 1;
	classes = {
	};
	objectVersion = 46;
	objects = {

/* Begin PBXBuildFile section */
		D22346F01F328DBE00DE0182 /* AppDelegate.swift in Sources */ = {isa = PBXBuildFile; fileRef = D22346EF1F328DBE00DE0182 /* AppDelegate.swift */; };
		D22346F21F328DBE00DE0182 /* MainViewController.swift in Sources */ = {isa = PBXBuildFile; fileRef = D22346F11F328DBE00DE0182 /* MainViewController.swift */; };
		D22346F51F328DBE00DE0182 /* Main.storyboard in Resources */ = {isa = PBXBuildFile; fileRef = D22346F31F328DBE00DE0182 /* Main.storyboard */; };
		D22346F71F328DBE00DE0182 /* Assets.xcassets in Resources */ = {isa = PBXBuildFile; fileRef = D22346F61F328DBE00DE0182 /* Assets.xcassets */; };
		D22346FA1F328DBE00DE0182 /* LaunchScreen.storyboard in Resources */ = {isa = PBXBuildFile; fileRef = D22346F81F328DBE00DE0182 /* LaunchScreen.storyboard */; };
		D25E10331F34D8EA00BD30EE /* Localizable.strings in Resources */ = {isa = PBXBuildFile; fileRef = D25E10321F34D8EA00BD30EE /* Localizable.strings */; };
		D25E10371F34DA6500BD30EE /* RoundedButton.swift in Sources */ = {isa = PBXBuildFile; fileRef = D25E10361F34DA6500BD30EE /* RoundedButton.swift */; };
		D2BE10D01F390A3F00C52383 /* userHeading.png in Resources */ = {isa = PBXBuildFile; fileRef = D2BE10CF1F390A3F00C52383 /* userHeading.png */; };
/* End PBXBuildFile section */

/* Begin PBXFileReference section */
		D22346EC1F328DBE00DE0182 /* WalkAbout.app */ = {isa = PBXFileReference; explicitFileType = wrapper.application; includeInIndex = 0; path = WalkAbout.app; sourceTree = BUILT_PRODUCTS_DIR; };
		D22346EF1F328DBE00DE0182 /* AppDelegate.swift */ = {isa = PBXFileReference; lastKnownFileType = sourcecode.swift; path = AppDelegate.swift; sourceTree = "<group>"; };
		D22346F11F328DBE00DE0182 /* MainViewController.swift */ = {isa = PBXFileReference; lastKnownFileType = sourcecode.swift; path = MainViewController.swift; sourceTree = "<group>"; };
		D22346F41F328DBE00DE0182 /* Base */ = {isa = PBXFileReference; lastKnownFileType = file.storyboard; name = Base; path = Base.lproj/Main.storyboard; sourceTree = "<group>"; };
		D22346F61F328DBE00DE0182 /* Assets.xcassets */ = {isa = PBXFileReference; lastKnownFileType = folder.assetcatalog; path = Assets.xcassets; sourceTree = "<group>"; };
		D22346F91F328DBE00DE0182 /* Base */ = {isa = PBXFileReference; lastKnownFileType = file.storyboard; name = Base; path = Base.lproj/LaunchScreen.storyboard; sourceTree = "<group>"; };
		D22346FB1F328DBE00DE0182 /* Info.plist */ = {isa = PBXFileReference; lastKnownFileType = text.plist.xml; path = Info.plist; sourceTree = "<group>"; };
		D25E10321F34D8EA00BD30EE /* Localizable.strings */ = {isa = PBXFileReference; fileEncoding = 4; lastKnownFileType = text.plist.strings; name = Localizable.strings; path = ../Localizable.strings; sourceTree = "<group>"; };
		D25E10361F34DA6500BD30EE /* RoundedButton.swift */ = {isa = PBXFileReference; fileEncoding = 4; lastKnownFileType = sourcecode.swift; path = RoundedButton.swift; sourceTree = "<group>"; };
		D2BE10CF1F390A3F00C52383 /* userHeading.png */ = {isa = PBXFileReference; lastKnownFileType = image.png; path = userHeading.png; sourceTree = "<group>"; };
/* End PBXFileReference section */

/* Begin PBXFrameworksBuildPhase section */
		D22346E91F328DBE00DE0182 /* Frameworks */ = {
			isa = PBXFrameworksBuildPhase;
			buildActionMask = 2147483647;
			files = (
			);
			runOnlyForDeploymentPostprocessing = 0;
		};
/* End PBXFrameworksBuildPhase section */

/* Begin PBXGroup section */
		D22346E31F328DBE00DE0182 = {
			isa = PBXGroup;
			children = (
				D22346EE1F328DBE00DE0182 /* WalkAbout */,
				D22346ED1F328DBE00DE0182 /* Products */,
			);
			sourceTree = "<group>";
		};
		D22346ED1F328DBE00DE0182 /* Products */ = {
			isa = PBXGroup;
			children = (
				D22346EC1F328DBE00DE0182 /* WalkAbout.app */,
			);
			name = Products;
			sourceTree = "<group>";
		};
		D22346EE1F328DBE00DE0182 /* WalkAbout */ = {
			isa = PBXGroup;
			children = (
				D22346EF1F328DBE00DE0182 /* AppDelegate.swift */,
				D22346F11F328DBE00DE0182 /* MainViewController.swift */,
				D25E10361F34DA6500BD30EE /* RoundedButton.swift */,
				D25E10341F34D8F800BD30EE /* Storyboards */,
				D22346F61F328DBE00DE0182 /* Assets.xcassets */,
				D2BE10CF1F390A3F00C52383 /* userHeading.png */,
				D25E10351F34D90C00BD30EE /* Support Files */,
			);
			path = WalkAbout;
			sourceTree = "<group>";
		};
		D25E10341F34D8F800BD30EE /* Storyboards */ = {
			isa = PBXGroup;
			children = (
				D22346F31F328DBE00DE0182 /* Main.storyboard */,
				D22346F81F328DBE00DE0182 /* LaunchScreen.storyboard */,
			);
			name = Storyboards;
			sourceTree = "<group>";
		};
		D25E10351F34D90C00BD30EE /* Support Files */ = {
			isa = PBXGroup;
			children = (
				D25E10321F34D8EA00BD30EE /* Localizable.strings */,
				D22346FB1F328DBE00DE0182 /* Info.plist */,
			);
			name = "Support Files";
			sourceTree = "<group>";
		};
/* End PBXGroup section */

/* Begin PBXNativeTarget section */
		D22346EB1F328DBE00DE0182 /* WalkAbout */ = {
			isa = PBXNativeTarget;
			buildConfigurationList = D22346FE1F328DBE00DE0182 /* Build configuration list for PBXNativeTarget "WalkAbout" */;
			buildPhases = (
				D22346E81F328DBE00DE0182 /* Sources */,
				D22346E91F328DBE00DE0182 /* Frameworks */,
				D22346EA1F328DBE00DE0182 /* Resources */,
			);
			buildRules = (
			);
			dependencies = (
			);
			name = WalkAbout;
			productName = WalkAbout;
			productReference = D22346EC1F328DBE00DE0182 /* WalkAbout.app */;
			productType = "com.apple.product-type.application";
		};
/* End PBXNativeTarget section */

/* Begin PBXProject section */
		D22346E41F328DBE00DE0182 /* Project object */ = {
			isa = PBXProject;
			attributes = {
				LastSwiftUpdateCheck = 0830;
				LastUpgradeCheck = 0900;
				ORGANIZATIONNAME = "Scott Grant";
				TargetAttributes = {
					D22346EB1F328DBE00DE0182 = {
						CreatedOnToolsVersion = 8.3.3;
						DevelopmentTeam = 6QT7Y9XEFP;
						LastSwiftMigration = 0900;
						ProvisioningStyle = Automatic;
						SystemCapabilities = {
							com.apple.BackgroundModes = {
								enabled = 1;
							};
						};
					};
				};
			};
			buildConfigurationList = D22346E71F328DBE00DE0182 /* Build configuration list for PBXProject "WalkAbout" */;
			compatibilityVersion = "Xcode 3.2";
			developmentRegion = English;
			hasScannedForEncodings = 0;
			knownRegions = (
				en,
				Base,
			);
			mainGroup = D22346E31F328DBE00DE0182;
			productRefGroup = D22346ED1F328DBE00DE0182 /* Products */;
			projectDirPath = "";
			projectRoot = "";
			targets = (
				D22346EB1F328DBE00DE0182 /* WalkAbout */,
			);
		};
/* End PBXProject section */

/* Begin PBXResourcesBuildPhase section */
		D22346EA1F328DBE00DE0182 /* Resources */ = {
			isa = PBXResourcesBuildPhase;
			buildActionMask = 2147483647;
			files = (
				D22346FA1F328DBE00DE0182 /* LaunchScreen.storyboard in Resources */,
				D25E10331F34D8EA00BD30EE /* Localizable.strings in Resources */,
				D22346F71F328DBE00DE0182 /* Assets.xcassets in Resources */,
				D22346F51F328DBE00DE0182 /* Main.storyboard in Resources */,
				D2BE10D01F390A3F00C52383 /* userHeading.png in Resources */,
			);
			runOnlyForDeploymentPostprocessing = 0;
		};
/* End PBXResourcesBuildPhase section */

/* Begin PBXSourcesBuildPhase section */
		D22346E81F328DBE00DE0182 /* Sources */ = {
			isa = PBXSourcesBuildPhase;
			buildActionMask = 2147483647;
			files = (
				D22346F21F328DBE00DE0182 /* MainViewController.swift in Sources */,
				D25E10371F34DA6500BD30EE /* RoundedButton.swift in Sources */,
				D22346F01F328DBE00DE0182 /* AppDelegate.swift in Sources */,
			);
			runOnlyForDeploymentPostprocessing = 0;
		};
/* End PBXSourcesBuildPhase section */

/* Begin PBXVariantGroup section */
		D22346F31F328DBE00DE0182 /* Main.storyboard */ = {
			isa = PBXVariantGroup;
			children = (
				D22346F41F328DBE00DE0182 /* Base */,
			);
			name = Main.storyboard;
			sourceTree = "<group>";
		};
		D22346F81F328DBE00DE0182 /* LaunchScreen.storyboard */ = {
			isa = PBXVariantGroup;
			children = (
				D22346F91F328DBE00DE0182 /* Base */,
			);
			name = LaunchScreen.storyboard;
			sourceTree = "<group>";
		};
/* End PBXVariantGroup section */

/* Begin XCBuildConfiguration section */
		D22346FC1F328DBE00DE0182 /* Debug */ = {
			isa = XCBuildConfiguration;
			buildSettings = {
				ALWAYS_SEARCH_USER_PATHS = NO;
				CLANG_ANALYZER_NONNULL = YES;
				CLANG_ANALYZER_NUMBER_OBJECT_CONVERSION = YES_AGGRESSIVE;
				CLANG_CXX_LANGUAGE_STANDARD = "gnu++0x";
				CLANG_CXX_LIBRARY = "libc++";
				CLANG_ENABLE_MODULES = YES;
				CLANG_ENABLE_OBJC_ARC = YES;
				CLANG_WARN_BLOCK_CAPTURE_AUTORELEASING = YES;
				CLANG_WARN_BOOL_CONVERSION = YES;
				CLANG_WARN_COMMA = YES;
				CLANG_WARN_CONSTANT_CONVERSION = YES;
				CLANG_WARN_DIRECT_OBJC_ISA_USAGE = YES_ERROR;
				CLANG_WARN_DOCUMENTATION_COMMENTS = YES;
				CLANG_WARN_EMPTY_BODY = YES;
				CLANG_WARN_ENUM_CONVERSION = YES;
				CLANG_WARN_INFINITE_RECURSION = YES;
				CLANG_WARN_INT_CONVERSION = YES;
				CLANG_WARN_NON_LITERAL_NULL_CONVERSION = YES;
				CLANG_WARN_OBJC_LITERAL_CONVERSION = YES;
				CLANG_WARN_OBJC_ROOT_CLASS = YES_ERROR;
				CLANG_WARN_RANGE_LOOP_ANALYSIS = YES;
				CLANG_WARN_STRICT_PROTOTYPES = YES;
				CLANG_WARN_SUSPICIOUS_MOVE = YES;
				CLANG_WARN_UNREACHABLE_CODE = YES;
				CLANG_WARN__DUPLICATE_METHOD_MATCH = YES;
				"CODE_SIGN_IDENTITY[sdk=iphoneos*]" = "iPhone Developer";
				COPY_PHASE_STRIP = NO;
				DEBUG_INFORMATION_FORMAT = dwarf;
				ENABLE_STRICT_OBJC_MSGSEND = YES;
				ENABLE_TESTABILITY = YES;
				GCC_C_LANGUAGE_STANDARD = gnu99;
				GCC_DYNAMIC_NO_PIC = NO;
				GCC_NO_COMMON_BLOCKS = YES;
				GCC_OPTIMIZATION_LEVEL = 0;
				GCC_PREPROCESSOR_DEFINITIONS = (
					"DEBUG=1",
					"$(inherited)",
				);
				GCC_WARN_64_TO_32_BIT_CONVERSION = YES;
				GCC_WARN_ABOUT_RETURN_TYPE = YES_ERROR;
				GCC_WARN_UNDECLARED_SELECTOR = YES;
				GCC_WARN_UNINITIALIZED_AUTOS = YES_AGGRESSIVE;
				GCC_WARN_UNUSED_FUNCTION = YES;
				GCC_WARN_UNUSED_VARIABLE = YES;
				IPHONEOS_DEPLOYMENT_TARGET = 10.3;
				MTL_ENABLE_DEBUG_INFO = YES;
				ONLY_ACTIVE_ARCH = YES;
				SDKROOT = iphoneos;
				SWIFT_ACTIVE_COMPILATION_CONDITIONS = DEBUG;
				SWIFT_OPTIMIZATION_LEVEL = "-Onone";
			};
			name = Debug;
		};
		D22346FD1F328DBE00DE0182 /* Release */ = {
			isa = XCBuildConfiguration;
			buildSettings = {
				ALWAYS_SEARCH_USER_PATHS = NO;
				CLANG_ANALYZER_NONNULL = YES;
				CLANG_ANALYZER_NUMBER_OBJECT_CONVERSION = YES_AGGRESSIVE;
				CLANG_CXX_LANGUAGE_STANDARD = "gnu++0x";
				CLANG_CXX_LIBRARY = "libc++";
				CLANG_ENABLE_MODULES = YES;
				CLANG_ENABLE_OBJC_ARC = YES;
				CLANG_WARN_BLOCK_CAPTURE_AUTORELEASING = YES;
				CLANG_WARN_BOOL_CONVERSION = YES;
				CLANG_WARN_COMMA = YES;
				CLANG_WARN_CONSTANT_CONVERSION = YES;
				CLANG_WARN_DIRECT_OBJC_ISA_USAGE = YES_ERROR;
				CLANG_WARN_DOCUMENTATION_COMMENTS = YES;
				CLANG_WARN_EMPTY_BODY = YES;
				CLANG_WARN_ENUM_CONVERSION = YES;
				CLANG_WARN_INFINITE_RECURSION = YES;
				CLANG_WARN_INT_CONVERSION = YES;
				CLANG_WARN_NON_LITERAL_NULL_CONVERSION = YES;
				CLANG_WARN_OBJC_LITERAL_CONVERSION = YES;
				CLANG_WARN_OBJC_ROOT_CLASS = YES_ERROR;
				CLANG_WARN_RANGE_LOOP_ANALYSIS = YES;
				CLANG_WARN_STRICT_PROTOTYPES = YES;
				CLANG_WARN_SUSPICIOUS_MOVE = YES;
				CLANG_WARN_UNREACHABLE_CODE = YES;
				CLANG_WARN__DUPLICATE_METHOD_MATCH = YES;
				"CODE_SIGN_IDENTITY[sdk=iphoneos*]" = "iPhone Developer";
				COPY_PHASE_STRIP = NO;
				DEBUG_INFORMATION_FORMAT = "dwarf-with-dsym";
				ENABLE_NS_ASSERTIONS = NO;
				ENABLE_STRICT_OBJC_MSGSEND = YES;
				GCC_C_LANGUAGE_STANDARD = gnu99;
				GCC_NO_COMMON_BLOCKS = YES;
				GCC_WARN_64_TO_32_BIT_CONVERSION = YES;
				GCC_WARN_ABOUT_RETURN_TYPE = YES_ERROR;
				GCC_WARN_UNDECLARED_SELECTOR = YES;
				GCC_WARN_UNINITIALIZED_AUTOS = YES_AGGRESSIVE;
				GCC_WARN_UNUSED_FUNCTION = YES;
				GCC_WARN_UNUSED_VARIABLE = YES;
				IPHONEOS_DEPLOYMENT_TARGET = 10.3;
				MTL_ENABLE_DEBUG_INFO = NO;
				SDKROOT = iphoneos;
				SWIFT_OPTIMIZATION_LEVEL = "-Owholemodule";
				VALIDATE_PRODUCT = YES;
			};
			name = Release;
		};
		D22346FF1F328DBE00DE0182 /* Debug */ = {
			isa = XCBuildConfiguration;
			buildSettings = {
				ASSETCATALOG_COMPILER_APPICON_NAME = AppIcon;
				DEVELOPMENT_TEAM = 6QT7Y9XEFP;
				INFOPLIST_FILE = WalkAbout/Info.plist;
				LD_RUNPATH_SEARCH_PATHS = "$(inherited) @executable_path/Frameworks";
				PRODUCT_BUNDLE_IDENTIFIER = com.scottgrantapps.WalkAbout;
				PRODUCT_NAME = "$(TARGET_NAME)";
				SWIFT_SWIFT3_OBJC_INFERENCE = Default;
				SWIFT_VERSION = 4.0;
			};
			name = Debug;
		};
		D22347001F328DBE00DE0182 /* Release */ = {
			isa = XCBuildConfiguration;
			buildSettings = {
				ASSETCATALOG_COMPILER_APPICON_NAME = AppIcon;
				DEVELOPMENT_TEAM = 6QT7Y9XEFP;
				INFOPLIST_FILE = WalkAbout/Info.plist;
				LD_RUNPATH_SEARCH_PATHS = "$(inherited) @executable_path/Frameworks";
				PRODUCT_BUNDLE_IDENTIFIER = com.scottgrantapps.WalkAbout;
				PRODUCT_NAME = "$(TARGET_NAME)";
				SWIFT_SWIFT3_OBJC_INFERENCE = Default;
				SWIFT_VERSION = 4.0;
			};
			name = Release;
		};
/* End XCBuildConfiguration section */

/* Begin XCConfigurationList section */
		D22346E71F328DBE00DE0182 /* Build configuration list for PBXProject "WalkAbout" */ = {
			isa = XCConfigurationList;
			buildConfigurations = (
				D22346FC1F328DBE00DE0182 /* Debug */,
				D22346FD1F328DBE00DE0182 /* Release */,
			);
			defaultConfigurationIsVisible = 0;
			defaultConfigurationName = Release;
		};
		D22346FE1F328DBE00DE0182 /* Build configuration list for PBXNativeTarget "WalkAbout" */ = {
			isa = XCConfigurationList;
			buildConfigurations = (
				D22346FF1F328DBE00DE0182 /* Debug */,
				D22347001F328DBE00DE0182 /* Release */,
			);
			defaultConfigurationIsVisible = 0;
			defaultConfigurationName = Release;
		};
/* End XCConfigurationList section */
	};
	rootObject = D22346E41F328DBE00DE0182 /* Project object */;
}
